
Microsoft Visual Studio Solution File, Format Version 12.00
# Visual Studio Version 17
VisualStudioVersion = 17.14.36212.18 d17.14
MinimumVisualStudioVersion = 10.0.40219.1
Project("{FAE04EC0-301F-11D3-BF4B-00C04F79EFBC}") = "ApiTcc", "ApiTcc\ApiTcc.csproj", "{A10314A2-CD01-4267-A881-FA8A9003FCAA}"
EndProject
Global
	GlobalSection(SolutionConfigurationPlatforms) = preSolution
		Debug|Any CPU = Debug|Any CPU
		Release|Any CPU = Release|Any CPU
	EndGlobalSection
	GlobalSection(ProjectConfigurationPlatforms) = postSolution
		{A10314A2-CD01-4267-A881-FA8A9003FCAA}.Debug|Any CPU.ActiveCfg = Debug|Any CPU
		{A10314A2-CD01-4267-A881-FA8A9003FCAA}.Debug|Any CPU.Build.0 = Debug|Any CPU
		{A10314A2-CD01-4267-A881-FA8A9003FCAA}.Release|Any CPU.ActiveCfg = Release|Any CPU
		{A10314A2-CD01-4267-A881-FA8A9003FCAA}.Release|Any CPU.Build.0 = Release|Any CPU
	EndGlobalSection
	GlobalSection(SolutionProperties) = preSolution
		HideSolutionNode = FALSE
	EndGlobalSection
	GlobalSection(ExtensibilityGlobals) = postSolution
		SolutionGuid = {42F1DFD9-0D37-469E-97A6-E36C1426D756}
	EndGlobalSection
EndGlobal
